// !$*UTF8*$!
{
	archiveVersion = 1;
	classes = {
	};
	objectVersion = 46;
	objects = {

/* Begin PBXBuildFile section */
		1F891E7C1E365FF7006580C3 /* FirstRunner.cpp in Sources */ = {isa = PBXBuildFile; fileRef = 1F891E7B1E365FF7006580C3 /* FirstRunner.cpp */; };
		1F891E7E1E3661D1006580C3 /* FirstController.cpp in Sources */ = {isa = PBXBuildFile; fileRef = 1F891E7D1E3661D1006580C3 /* FirstController.cpp */; };
/* End PBXBuildFile section */

/* Begin PBXCopyFilesBuildPhase section */
		1F891E6B1E365A52006580C3 /* CopyFiles */ = {
			isa = PBXCopyFilesBuildPhase;
			buildActionMask = 2147483647;
			dstPath = /usr/share/man/man1/;
			dstSubfolderSpec = 0;
			files = (
			);
			runOnlyForDeploymentPostprocessing = 1;
		};
/* End PBXCopyFilesBuildPhase section */

/* Begin PBXFileReference section */
		1F891E6D1E365A52006580C3 /* FirstProjects */ = {isa = PBXFileReference; explicitFileType = "compiled.mach-o.executable"; includeInIndex = 0; path = FirstProjects; sourceTree = BUILT_PRODUCTS_DIR; };
		1F891E7B1E365FF7006580C3 /* FirstRunner.cpp */ = {isa = PBXFileReference; fileEncoding = 4; lastKnownFileType = sourcecode.cpp.cpp; name = FirstRunner.cpp; path = ../Controller/FirstRunner.cpp; sourceTree = "<group>"; };
		1F891E7D1E3661D1006580C3 /* FirstController.cpp */ = {isa = PBXFileReference; fileEncoding = 4; lastKnownFileType = sourcecode.cpp.cpp; name = FirstController.cpp; path = Controller/FirstController.cpp; sourceTree = SOURCE_ROOT; };
		1F891E7F1E366445006580C3 /* FirstController.H */ = {isa = PBXFileReference; lastKnownFileType = sourcecode.cpp.h; name = FirstController.H; path = Controller/FirstController.H; sourceTree = SOURCE_ROOT; };
/* End PBXFileReference section */

/* Begin PBXFrameworksBuildPhase section */
		1F891E6A1E365A52006580C3 /* Frameworks */ = {
			isa = PBXFrameworksBuildPhase;
			buildActionMask = 2147483647;
			files = (
			);
			runOnlyForDeploymentPostprocessing = 0;
		};
/* End PBXFrameworksBuildPhase section */

/* Begin PBXGroup section */
		1F891E641E365A51006580C3 = {
			isa = PBXGroup;
			children = (
				1F891E6F1E365A52006580C3 /* FirstProjects */,
				1F891E6E1E365A52006580C3 /* Products */,
			);
			sourceTree = "<group>";
		};
		1F891E6E1E365A52006580C3 /* Products */ = {
			isa = PBXGroup;
			children = (
				1F891E6D1E365A52006580C3 /* FirstProjects */,
			);
			name = Products;
			sourceTree = "<group>";
		};
		1F891E6F1E365A52006580C3 /* FirstProjects */ = {
			isa = PBXGroup;
			children = (
				1F891E7B1E365FF7006580C3 /* FirstRunner.cpp */,
				1F891E7D1E3661D1006580C3 /* FirstController.cpp */,
				1F891E7F1E366445006580C3 /* FirstController.H */,
			);
			path = FirstProjects;
			sourceTree = "<group>";
		};
/* End PBXGroup section */

/* Begin PBXNativeTarget section */
		1F891E6C1E365A52006580C3 /* FirstProjects */ = {
			isa = PBXNativeTarget;
			buildConfigurationList = 1F891E741E365A52006580C3 /* Build configuration list for PBXNativeTarget "FirstProjects" */;
			buildPhases = (
				1F891E691E365A52006580C3 /* Sources */,
				1F891E6A1E365A52006580C3 /* Frameworks */,
				1F891E6B1E365A52006580C3 /* CopyFiles */,
			);
			buildRules = (
			);
			dependencies = (
			);
			name = FirstProjects;
			productName = FirstProjects;
			productReference = 1F891E6D1E365A52006580C3 /* FirstProjects */;
			productType = "com.apple.product-type.tool";
		};
/* End PBXNativeTarget section */

/* Begin PBXProject section */
		1F891E651E365A51006580C3 /* Project object */ = {
			isa = PBXProject;
			attributes = {
				LastUpgradeCheck = 0810;
				ORGANIZATIONNAME = CTEC;
				TargetAttributes = {
					1F891E6C1E365A52006580C3 = {
						CreatedOnToolsVersion = 8.1;
						ProvisioningStyle = Automatic;
					};
				};
			};
			buildConfigurationList = 1F891E681E365A52006580C3 /* Build configuration list for PBXProject "FirstProjects" */;
			compatibilityVersion = "Xcode 3.2";
			developmentRegion = English;
			hasScannedForEncodings = 0;
			knownRegions = (
				en,
			);
			mainGroup = 1F891E641E365A51006580C3;
			productRefGroup = 1F891E6E1E365A52006580C3 /* Products */;
			projectDirPath = "";
			projectRoot = "";
			targets = (
				1F891E6C1E365A52006580C3 /* FirstProjects */,
			);
		};
/* End PBXProject section */

/* Begin PBXSourcesBuildPhase section */
		1F891E691E365A52006580C3 /* Sources */ = {
			isa = PBXSourcesBuildPhase;
			buildActionMask = 2147483647;
			files = (
				1F891E7E1E3661D1006580C3 /* FirstController.cpp in Sources */,
				1F891E7C1E365FF7006580C3 /* FirstRunner.cpp in Sources */,
			);
			runOnlyForDeploymentPostprocessing = 0;
		};
/* End PBXSourcesBuildPhase section */

/* Begin XCBuildConfiguration section */
		1F891E721E365A52006580C3 /* Debug */ = {
			isa = XCBuildConfiguration;
			buildSettings = {
				ALWAYS_SEARCH_USER_PATHS = NO;
				CLANG_ANALYZER_NONNULL = YES;
				CLANG_CXX_LANGUAGE_STANDARD = "gnu++0x";
				CLANG_CXX_LIBRARY = "libc++";
				CLANG_ENABLE_MODULES = YES;
				CLANG_ENABLE_OBJC_ARC = YES;
				CLANG_WARN_BOOL_CONVERSION = YES;
				CLANG_WARN_CONSTANT_CONVERSION = YES;
				CLANG_WARN_DIRECT_OBJC_ISA_USAGE = YES_ERROR;
				CLANG_WARN_DOCUMENTATION_COMMENTS = YES;
				CLANG_WARN_EMPTY_BODY = YES;
				CLANG_WARN_ENUM_CONVERSION = YES;
				CLANG_WARN_INFINITE_RECURSION = YES;
				CLANG_WARN_INT_CONVERSION = YES;
				CLANG_WARN_OBJC_ROOT_CLASS = YES_ERROR;
				CLANG_WARN_SUSPICIOUS_MOVES = YES;
				CLANG_WARN_UNREACHABLE_CODE = YES;
				CLANG_WARN__DUPLICATE_METHOD_MATCH = YES;
				CODE_SIGN_IDENTITY = "-";
				COPY_PHASE_STRIP = NO;
				DEBUG_INFORMATION_FORMAT = dwarf;
				ENABLE_STRICT_OBJC_MSGSEND = YES;
				ENABLE_TESTABILITY = YES;
				GCC_C_LANGUAGE_STANDARD = gnu99;
				GCC_DYNAMIC_NO_PIC = NO;
				GCC_NO_COMMON_BLOCKS = YES;
				GCC_OPTIMIZATION_LEVEL = 0;
				GCC_PREPROCESSOR_DEFINITIONS = (
					"DEBUG=1",
					"$(inherited)",
				);
				GCC_WARN_64_TO_32_BIT_CONVERSION = YES;
				GCC_WARN_ABOUT_RETURN_TYPE = YES_ERROR;
				GCC_WARN_UNDECLARED_SELECTOR = YES;
				GCC_WARN_UNINITIALIZED_AUTOS = YES_AGGRESSIVE;
				GCC_WARN_UNUSED_FUNCTION = YES;
				GCC_WARN_UNUSED_VARIABLE = YES;
				MACOSX_DEPLOYMENT_TARGET = 10.11;
				MTL_ENABLE_DEBUG_INFO = YES;
				ONLY_ACTIVE_ARCH = YES;
				SDKROOT = macosx;
			};
			name = Debug;
		};
		1F891E731E365A52006580C3 /* Release */ = {
			isa = XCBuildConfiguration;
			buildSettings = {
				ALWAYS_SEARCH_USER_PATHS = NO;
				CLANG_ANALYZER_NONNULL = YES;
				CLANG_CXX_LANGUAGE_STANDARD = "gnu++0x";
				CLANG_CXX_LIBRARY = "libc++";
				CLANG_ENABLE_MODULES = YES;
				CLANG_ENABLE_OBJC_ARC = YES;
				CLANG_WARN_BOOL_CONVERSION = YES;
				CLANG_WARN_CONSTANT_CONVERSION = YES;
				CLANG_WARN_DIRECT_OBJC_ISA_USAGE = YES_ERROR;
				CLANG_WARN_DOCUMENTATION_COMMENTS = YES;
				CLANG_WARN_EMPTY_BODY = YES;
				CLANG_WARN_ENUM_CONVERSION = YES;
				CLANG_WARN_INFINITE_RECURSION = YES;
				CLANG_WARN_INT_CONVERSION = YES;
				CLANG_WARN_OBJC_ROOT_CLASS = YES_ERROR;
				CLANG_WARN_SUSPICIOUS_MOVES = YES;
				CLANG_WARN_UNREACHABLE_CODE = YES;
				CLANG_WARN__DUPLICATE_METHOD_MATCH = YES;
				CODE_SIGN_IDENTITY = "-";
				COPY_PHASE_STRIP = NO;
				DEBUG_INFORMATION_FORMAT = "dwarf-with-dsym";
				ENABLE_NS_ASSERTIONS = NO;
				ENABLE_STRICT_OBJC_MSGSEND = YES;
				GCC_C_LANGUAGE_STANDARD = gnu99;
				GCC_NO_COMMON_BLOCKS = YES;
				GCC_WARN_64_TO_32_BIT_CONVERSION = YES;
				GCC_WARN_ABOUT_RETURN_TYPE = YES_ERROR;
				GCC_WARN_UNDECLARED_SELECTOR = YES;
				GCC_WARN_UNINITIALIZED_AUTOS = YES_AGGRESSIVE;
				GCC_WARN_UNUSED_FUNCTION = YES;
				GCC_WARN_UNUSED_VARIABLE = YES;
				MACOSX_DEPLOYMENT_TARGET = 10.11;
				MTL_ENABLE_DEBUG_INFO = NO;
				SDKROOT = macosx;
			};
			name = Release;
		};
		1F891E751E365A52006580C3 /* Debug */ = {
			isa = XCBuildConfiguration;
			buildSettings = {
				PRODUCT_NAME = "$(TARGET_NAME)";
			};
			name = Debug;
		};
		1F891E761E365A52006580C3 /* Release */ = {
			isa = XCBuildConfiguration;
			buildSettings = {
				PRODUCT_NAME = "$(TARGET_NAME)";
			};
			name = Release;
		};
/* End XCBuildConfiguration section */

/* Begin XCConfigurationList section */
		1F891E681E365A52006580C3 /* Build configuration list for PBXProject "FirstProjects" */ = {
			isa = XCConfigurationList;
			buildConfigurations = (
				1F891E721E365A52006580C3 /* Debug */,
				1F891E731E365A52006580C3 /* Release */,
			);
			defaultConfigurationIsVisible = 0;
			defaultConfigurationName = Release;
		};
		1F891E741E365A52006580C3 /* Build configuration list for PBXNativeTarget "FirstProjects" */ = {
			isa = XCConfigurationList;
			buildConfigurations = (
				1F891E751E365A52006580C3 /* Debug */,
				1F891E761E365A52006580C3 /* Release */,
			);
			defaultConfigurationIsVisible = 0;
		};
/* End XCConfigurationList section */
	};
	rootObject = 1F891E651E365A51006580C3 /* Project object */;
}
